// !$*UTF8*$!
{
	archiveVersion = 1;
	classes = {
	};
	objectVersion = 46;
	objects = {

/* Begin PBXBuildFile section */
		992BD150186664BD001AD587 /* MainStoryboard.storyboard in Resources */ = {isa = PBXBuildFile; fileRef = 992BD152186664BD001AD587 /* MainStoryboard.storyboard */; };
		992BD15D18666663001AD587 /* Localizable.strings in Resources */ = {isa = PBXBuildFile; fileRef = 992BD15F18666663001AD587 /* Localizable.strings */; };
		9949AB5C1865F478003C60D1 /* LoginViewController.m in Sources */ = {isa = PBXBuildFile; fileRef = 9949AB5B1865F478003C60D1 /* LoginViewController.m */; };
		9949AB711865FB85003C60D1 /* AFHTTPRequestOperation.m in Sources */ = {isa = PBXBuildFile; fileRef = 9949AB5F1865FB85003C60D1 /* AFHTTPRequestOperation.m */; };
		9949AB721865FB85003C60D1 /* AFHTTPRequestOperationManager.m in Sources */ = {isa = PBXBuildFile; fileRef = 9949AB611865FB85003C60D1 /* AFHTTPRequestOperationManager.m */; };
		9949AB731865FB85003C60D1 /* AFHTTPSessionManager.m in Sources */ = {isa = PBXBuildFile; fileRef = 9949AB631865FB85003C60D1 /* AFHTTPSessionManager.m */; };
		9949AB741865FB85003C60D1 /* AFNetworkReachabilityManager.m in Sources */ = {isa = PBXBuildFile; fileRef = 9949AB661865FB85003C60D1 /* AFNetworkReachabilityManager.m */; };
		9949AB751865FB85003C60D1 /* AFSecurityPolicy.m in Sources */ = {isa = PBXBuildFile; fileRef = 9949AB681865FB85003C60D1 /* AFSecurityPolicy.m */; };
		9949AB761865FB85003C60D1 /* AFURLConnectionOperation.m in Sources */ = {isa = PBXBuildFile; fileRef = 9949AB6A1865FB85003C60D1 /* AFURLConnectionOperation.m */; };
		9949AB771865FB85003C60D1 /* AFURLRequestSerialization.m in Sources */ = {isa = PBXBuildFile; fileRef = 9949AB6C1865FB85003C60D1 /* AFURLRequestSerialization.m */; };
		9949AB781865FB85003C60D1 /* AFURLResponseSerialization.m in Sources */ = {isa = PBXBuildFile; fileRef = 9949AB6E1865FB85003C60D1 /* AFURLResponseSerialization.m */; };
		9949AB791865FB85003C60D1 /* AFURLSessionManager.m in Sources */ = {isa = PBXBuildFile; fileRef = 9949AB701865FB85003C60D1 /* AFURLSessionManager.m */; };
		9949AB8A18660954003C60D1 /* AFNetworkActivityIndicatorManager.m in Sources */ = {isa = PBXBuildFile; fileRef = 9949AB7C18660954003C60D1 /* AFNetworkActivityIndicatorManager.m */; };
		9949AB8B18660954003C60D1 /* UIActivityIndicatorView+AFNetworking.m in Sources */ = {isa = PBXBuildFile; fileRef = 9949AB7E18660954003C60D1 /* UIActivityIndicatorView+AFNetworking.m */; };
		9949AB8C18660954003C60D1 /* UIAlertView+AFNetworking.m in Sources */ = {isa = PBXBuildFile; fileRef = 9949AB8018660954003C60D1 /* UIAlertView+AFNetworking.m */; };
		9949AB8D18660954003C60D1 /* UIButton+AFNetworking.m in Sources */ = {isa = PBXBuildFile; fileRef = 9949AB8218660954003C60D1 /* UIButton+AFNetworking.m */; };
		9949AB8E18660954003C60D1 /* UIImageView+AFNetworking.m in Sources */ = {isa = PBXBuildFile; fileRef = 9949AB8418660954003C60D1 /* UIImageView+AFNetworking.m */; };
		9949AB8F18660954003C60D1 /* UIProgressView+AFNetworking.m in Sources */ = {isa = PBXBuildFile; fileRef = 9949AB8718660954003C60D1 /* UIProgressView+AFNetworking.m */; };
		9949AB9018660954003C60D1 /* UIWebView+AFNetworking.m in Sources */ = {isa = PBXBuildFile; fileRef = 9949AB8918660954003C60D1 /* UIWebView+AFNetworking.m */; };
		994BB5A0186552B0005F9EAE /* FDKeychain.m in Sources */ = {isa = PBXBuildFile; fileRef = 994BB59E186552B0005F9EAE /* FDKeychain.m */; };
		9995C29E1866984A00A43BFD /* Accounts.framework in Frameworks */ = {isa = PBXBuildFile; fileRef = 9995C29D1866984A00A43BFD /* Accounts.framework */; };
		9995C2A01866985800A43BFD /* Social.framework in Frameworks */ = {isa = PBXBuildFile; fileRef = 9995C29F1866985800A43BFD /* Social.framework */; };
		99A724AB1867875C0062A2D3 /* NSDate+Compare.m in Sources */ = {isa = PBXBuildFile; fileRef = 99A7249C1867875C0062A2D3 /* NSDate+Compare.m */; };
		99A724AC1867875C0062A2D3 /* NSDate+Components.m in Sources */ = {isa = PBXBuildFile; fileRef = 99A7249E1867875C0062A2D3 /* NSDate+Components.m */; };
		99A724AD1867875C0062A2D3 /* NSDate+DateTime.m in Sources */ = {isa = PBXBuildFile; fileRef = 99A724A01867875C0062A2D3 /* NSDate+DateTime.m */; };
		99A724AE1867875C0062A2D3 /* NSDate+Day.m in Sources */ = {isa = PBXBuildFile; fileRef = 99A724A21867875C0062A2D3 /* NSDate+Day.m */; };
		99A724AF1867875C0062A2D3 /* NSDate+Month.m in Sources */ = {isa = PBXBuildFile; fileRef = 99A724A41867875C0062A2D3 /* NSDate+Month.m */; };
		99A724B01867875C0062A2D3 /* NSDate+Time.m in Sources */ = {isa = PBXBuildFile; fileRef = 99A724A61867875C0062A2D3 /* NSDate+Time.m */; };
		99A724B11867875C0062A2D3 /* NSDate+Week.m in Sources */ = {isa = PBXBuildFile; fileRef = 99A724A81867875C0062A2D3 /* NSDate+Week.m */; };
		99A724B21867875C0062A2D3 /* NSDate+Year.m in Sources */ = {isa = PBXBuildFile; fileRef = 99A724AA1867875C0062A2D3 /* NSDate+Year.m */; };
		99B2B94118677FEF00F0E456 /* PadStoryboard.storyboard in Resources */ = {isa = PBXBuildFile; fileRef = 99B2B93C18677C1500F0E456 /* PadStoryboard.storyboard */; };
		99B5EB561831429D00A7FA50 /* Cocoa.framework in Frameworks */ = {isa = PBXBuildFile; fileRef = 99B5EB551831429D00A7FA50 /* Cocoa.framework */; };
		99B5EB5B1831454400A7FA50 /* AppKit.framework in Frameworks */ = {isa = PBXBuildFile; fileRef = 99B5EB591831453900A7FA50 /* AppKit.framework */; };
		99B5EB5D1831455000A7FA50 /* CoreData.framework in Frameworks */ = {isa = PBXBuildFile; fileRef = 99B5EB5C1831455000A7FA50 /* CoreData.framework */; };
		99B5EB5F1831455600A7FA50 /* Foundation.framework in Frameworks */ = {isa = PBXBuildFile; fileRef = 99B5EB5E1831455600A7FA50 /* Foundation.framework */; };
		99B5EB7F1831622A00A7FA50 /* CFNetwork.framework in Frameworks */ = {isa = PBXBuildFile; fileRef = 99B5EB7E1831622A00A7FA50 /* CFNetwork.framework */; };
		99B5EB8118316AC300A7FA50 /* SystemConfiguration.framework in Frameworks */ = {isa = PBXBuildFile; fileRef = 99B5EB8018316AC300A7FA50 /* SystemConfiguration.framework */; };
		99B5EB8318316AC900A7FA50 /* MobileCoreServices.framework in Frameworks */ = {isa = PBXBuildFile; fileRef = 99B5EB8218316AC900A7FA50 /* MobileCoreServices.framework */; };
		99B5EB8518316AF500A7FA50 /* Security.framework in Frameworks */ = {isa = PBXBuildFile; fileRef = 99B5EB8418316AF500A7FA50 /* Security.framework */; };
		99B5EBA11831811C00A7FA50 /* Accounts.framework in Frameworks */ = {isa = PBXBuildFile; fileRef = 99B5EBA01831811C00A7FA50 /* Accounts.framework */; };
		99F3A882186DE82B00A21E11 /* MoreViewController.m in Sources */ = {isa = PBXBuildFile; fileRef = 99F3A881186DE82B00A21E11 /* MoreViewController.m */; };
		99F3A885186DEB3B00A21E11 /* StoreKit.framework in Frameworks */ = {isa = PBXBuildFile; fileRef = 99F3A884186DEB3B00A21E11 /* StoreKit.framework */; };
		99F3A888186DED1D00A21E11 /* LicenseViewController.m in Sources */ = {isa = PBXBuildFile; fileRef = 99F3A887186DED1D00A21E11 /* LicenseViewController.m */; };
		99F3A88B186DED3E00A21E11 /* PurchaseFetchViewController.m in Sources */ = {isa = PBXBuildFile; fileRef = 99F3A88A186DED3E00A21E11 /* PurchaseFetchViewController.m */; };
		99F3A891186E7E4100A21E11 /* MacIcon@2x.icns in Resources */ = {isa = PBXBuildFile; fileRef = 99F3A890186E7E4100A21E11 /* MacIcon@2x.icns */; };
		99F3A895186E931A00A21E11 /* EBPurchase.m in Sources */ = {isa = PBXBuildFile; fileRef = 99F3A894186E931A00A21E11 /* EBPurchase.m */; };
		A762612916348C68001149A4 /* InfoPlist.strings in Resources */ = {isa = PBXBuildFile; fileRef = A762612716348C68001149A4 /* InfoPlist.strings */; };
		A762612B16348C68001149A4 /* main.m in Sources */ = {isa = PBXBuildFile; fileRef = A762612A16348C68001149A4 /* main.m */; };
		A762612F16348C68001149A4 /* Credits.rtf in Resources */ = {isa = PBXBuildFile; fileRef = A762612D16348C68001149A4 /* Credits.rtf */; };
		A762613216348C68001149A4 /* BRAppDelegate.m in Sources */ = {isa = PBXBuildFile; fileRef = A762613116348C68001149A4 /* BRAppDelegate.m */; };
		A762613516348C68001149A4 /* MainMenu.xib in Resources */ = {isa = PBXBuildFile; fileRef = A762613316348C68001149A4 /* MainMenu.xib */; };
		A7B30B911875D0A8001D2D88 /* Images.xcassets in Resources */ = {isa = PBXBuildFile; fileRef = A7B30B901875D0A8001D2D88 /* Images.xcassets */; };
		A7E494FC162CA40900F34B63 /* DeveloperAppsViewController.m in Sources */ = {isa = PBXBuildFile; fileRef = A7E494FA162CA40900F34B63 /* DeveloperAppsViewController.m */; };
		A7E49501162CA76500F34B63 /* BRAppCell.m in Sources */ = {isa = PBXBuildFile; fileRef = A7E49500162CA76500F34B63 /* BRAppCell.m */; };
		A7F4DB92162B632400B98088 /* UIKit.framework in Frameworks */ = {isa = PBXBuildFile; fileRef = A7F4DB91162B632400B98088 /* UIKit.framework */; };
		A7F4DB94162B632400B98088 /* Foundation.framework in Frameworks */ = {isa = PBXBuildFile; fileRef = A7F4DB93162B632400B98088 /* Foundation.framework */; };
		A7F4DB96162B632400B98088 /* CoreGraphics.framework in Frameworks */ = {isa = PBXBuildFile; fileRef = A7F4DB95162B632400B98088 /* CoreGraphics.framework */; };
		A7F4DB9E162B632400B98088 /* main.m in Sources */ = {isa = PBXBuildFile; fileRef = A7F4DB9D162B632400B98088 /* main.m */; };
		A7F4DBA2162B632400B98088 /* BRAppDelegate.m in Sources */ = {isa = PBXBuildFile; fileRef = A7F4DBA1162B632400B98088 /* BRAppDelegate.m */; };
		A7F4DBAB162B632400B98088 /* BRReviewTimeViewController.m in Sources */ = {isa = PBXBuildFile; fileRef = A7F4DBAA162B632400B98088 /* BRReviewTimeViewController.m */; };
		A7F4DBBF162BDF8300B98088 /* Twitter.framework in Frameworks */ = {isa = PBXBuildFile; fileRef = A7F4DBBE162BDF8300B98088 /* Twitter.framework */; settings = {ATTRIBUTES = (Weak, ); }; };
		A7F4DBC1162BDF9200B98088 /* Social.framework in Frameworks */ = {isa = PBXBuildFile; fileRef = A7F4DBC0162BDF9200B98088 /* Social.framework */; settings = {ATTRIBUTES = (Weak, ); }; };
		A7F4DBC8162C614A00B98088 /* BRTweetCell.m in Sources */ = {isa = PBXBuildFile; fileRef = A7F4DBC7162C614A00B98088 /* BRTweetCell.m */; };
/* End PBXBuildFile section */

/* Begin PBXFileReference section */
		992BD14E18665D61001AD587 /* iRT.entitlements */ = {isa = PBXFileReference; lastKnownFileType = text.xml; path = iRT.entitlements; sourceTree = "<group>"; };
		992BD14F186664B1001AD587 /* Base */ = {isa = PBXFileReference; lastKnownFileType = file.xib; name = Base; path = Base.lproj/MainMenu.xib; sourceTree = "<group>"; };
		992BD151186664BD001AD587 /* Base */ = {isa = PBXFileReference; lastKnownFileType = file.storyboard; name = Base; path = Base.lproj/MainStoryboard.storyboard; sourceTree = "<group>"; };
		992BD153186664CA001AD587 /* fr */ = {isa = PBXFileReference; lastKnownFileType = text.plist.strings; name = fr; path = fr.lproj/MainStoryboard.strings; sourceTree = "<group>"; };
		992BD154186664CA001AD587 /* fr */ = {isa = PBXFileReference; lastKnownFileType = text.plist.strings; name = fr; path = fr.lproj/MainMenu.strings; sourceTree = "<group>"; };
		992BD156186664CA001AD587 /* fr */ = {isa = PBXFileReference; lastKnownFileType = text.plist.strings; name = fr; path = fr.lproj/InfoPlist.strings; sourceTree = "<group>"; };
		992BD157186664CA001AD587 /* fr */ = {isa = PBXFileReference; lastKnownFileType = text.rtf; name = fr; path = fr.lproj/Credits.rtf; sourceTree = "<group>"; };
		992BD158186664D1001AD587 /* es */ = {isa = PBXFileReference; lastKnownFileType = text.plist.strings; name = es; path = es.lproj/MainStoryboard.strings; sourceTree = "<group>"; };
		992BD159186664D2001AD587 /* es */ = {isa = PBXFileReference; lastKnownFileType = text.plist.strings; name = es; path = es.lproj/MainMenu.strings; sourceTree = "<group>"; };
		992BD15B186664D2001AD587 /* es */ = {isa = PBXFileReference; lastKnownFileType = text.plist.strings; name = es; path = es.lproj/InfoPlist.strings; sourceTree = "<group>"; };
		992BD15C186664D2001AD587 /* es */ = {isa = PBXFileReference; lastKnownFileType = text.rtf; name = es; path = es.lproj/Credits.rtf; sourceTree = "<group>"; };
		992BD15E18666663001AD587 /* Base */ = {isa = PBXFileReference; lastKnownFileType = text.plist.strings; name = Base; path = Base.lproj/Localizable.strings; sourceTree = "<group>"; };
		992BD16118666665001AD587 /* fr */ = {isa = PBXFileReference; lastKnownFileType = text.plist.strings; name = fr; path = fr.lproj/Localizable.strings; sourceTree = "<group>"; };
		992BD16218666667001AD587 /* es */ = {isa = PBXFileReference; lastKnownFileType = text.plist.strings; name = es; path = es.lproj/Localizable.strings; sourceTree = "<group>"; };
		9949AB5A1865F477003C60D1 /* LoginViewController.h */ = {isa = PBXFileReference; fileEncoding = 4; lastKnownFileType = sourcecode.c.h; path = LoginViewController.h; sourceTree = "<group>"; };
		9949AB5B1865F478003C60D1 /* LoginViewController.m */ = {isa = PBXFileReference; fileEncoding = 4; lastKnownFileType = sourcecode.c.objc; path = LoginViewController.m; sourceTree = "<group>"; };
		9949AB5E1865FB85003C60D1 /* AFHTTPRequestOperation.h */ = {isa = PBXFileReference; fileEncoding = 4; lastKnownFileType = sourcecode.c.h; path = AFHTTPRequestOperation.h; sourceTree = "<group>"; };
		9949AB5F1865FB85003C60D1 /* AFHTTPRequestOperation.m */ = {isa = PBXFileReference; fileEncoding = 4; lastKnownFileType = sourcecode.c.objc; path = AFHTTPRequestOperation.m; sourceTree = "<group>"; };
		9949AB601865FB85003C60D1 /* AFHTTPRequestOperationManager.h */ = {isa = PBXFileReference; fileEncoding = 4; lastKnownFileType = sourcecode.c.h; path = AFHTTPRequestOperationManager.h; sourceTree = "<group>"; };
		9949AB611865FB85003C60D1 /* AFHTTPRequestOperationManager.m */ = {isa = PBXFileReference; fileEncoding = 4; lastKnownFileType = sourcecode.c.objc; path = AFHTTPRequestOperationManager.m; sourceTree = "<group>"; };
		9949AB621865FB85003C60D1 /* AFHTTPSessionManager.h */ = {isa = PBXFileReference; fileEncoding = 4; lastKnownFileType = sourcecode.c.h; path = AFHTTPSessionManager.h; sourceTree = "<group>"; };
		9949AB631865FB85003C60D1 /* AFHTTPSessionManager.m */ = {isa = PBXFileReference; fileEncoding = 4; lastKnownFileType = sourcecode.c.objc; path = AFHTTPSessionManager.m; sourceTree = "<group>"; };
		9949AB641865FB85003C60D1 /* AFNetworking.h */ = {isa = PBXFileReference; fileEncoding = 4; lastKnownFileType = sourcecode.c.h; path = AFNetworking.h; sourceTree = "<group>"; };
		9949AB651865FB85003C60D1 /* AFNetworkReachabilityManager.h */ = {isa = PBXFileReference; fileEncoding = 4; lastKnownFileType = sourcecode.c.h; path = AFNetworkReachabilityManager.h; sourceTree = "<group>"; };
		9949AB661865FB85003C60D1 /* AFNetworkReachabilityManager.m */ = {isa = PBXFileReference; fileEncoding = 4; lastKnownFileType = sourcecode.c.objc; path = AFNetworkReachabilityManager.m; sourceTree = "<group>"; };
		9949AB671865FB85003C60D1 /* AFSecurityPolicy.h */ = {isa = PBXFileReference; fileEncoding = 4; lastKnownFileType = sourcecode.c.h; path = AFSecurityPolicy.h; sourceTree = "<group>"; };
		9949AB681865FB85003C60D1 /* AFSecurityPolicy.m */ = {isa = PBXFileReference; fileEncoding = 4; lastKnownFileType = sourcecode.c.objc; path = AFSecurityPolicy.m; sourceTree = "<group>"; };
		9949AB691865FB85003C60D1 /* AFURLConnectionOperation.h */ = {isa = PBXFileReference; fileEncoding = 4; lastKnownFileType = sourcecode.c.h; path = AFURLConnectionOperation.h; sourceTree = "<group>"; };
		9949AB6A1865FB85003C60D1 /* AFURLConnectionOperation.m */ = {isa = PBXFileReference; fileEncoding = 4; lastKnownFileType = sourcecode.c.objc; path = AFURLConnectionOperation.m; sourceTree = "<group>"; };
		9949AB6B1865FB85003C60D1 /* AFURLRequestSerialization.h */ = {isa = PBXFileReference; fileEncoding = 4; lastKnownFileType = sourcecode.c.h; path = AFURLRequestSerialization.h; sourceTree = "<group>"; };
		9949AB6C1865FB85003C60D1 /* AFURLRequestSerialization.m */ = {isa = PBXFileReference; fileEncoding = 4; lastKnownFileType = sourcecode.c.objc; path = AFURLRequestSerialization.m; sourceTree = "<group>"; };
		9949AB6D1865FB85003C60D1 /* AFURLResponseSerialization.h */ = {isa = PBXFileReference; fileEncoding = 4; lastKnownFileType = sourcecode.c.h; path = AFURLResponseSerialization.h; sourceTree = "<group>"; };
		9949AB6E1865FB85003C60D1 /* AFURLResponseSerialization.m */ = {isa = PBXFileReference; fileEncoding = 4; lastKnownFileType = sourcecode.c.objc; path = AFURLResponseSerialization.m; sourceTree = "<group>"; };
		9949AB6F1865FB85003C60D1 /* AFURLSessionManager.h */ = {isa = PBXFileReference; fileEncoding = 4; lastKnownFileType = sourcecode.c.h; path = AFURLSessionManager.h; sourceTree = "<group>"; };
		9949AB701865FB85003C60D1 /* AFURLSessionManager.m */ = {isa = PBXFileReference; fileEncoding = 4; lastKnownFileType = sourcecode.c.objc; path = AFURLSessionManager.m; sourceTree = "<group>"; };
		9949AB7B18660954003C60D1 /* AFNetworkActivityIndicatorManager.h */ = {isa = PBXFileReference; fileEncoding = 4; lastKnownFileType = sourcecode.c.h; path = AFNetworkActivityIndicatorManager.h; sourceTree = "<group>"; };
		9949AB7C18660954003C60D1 /* AFNetworkActivityIndicatorManager.m */ = {isa = PBXFileReference; fileEncoding = 4; lastKnownFileType = sourcecode.c.objc; path = AFNetworkActivityIndicatorManager.m; sourceTree = "<group>"; };
		9949AB7D18660954003C60D1 /* UIActivityIndicatorView+AFNetworking.h */ = {isa = PBXFileReference; fileEncoding = 4; lastKnownFileType = sourcecode.c.h; path = "UIActivityIndicatorView+AFNetworking.h"; sourceTree = "<group>"; };
		9949AB7E18660954003C60D1 /* UIActivityIndicatorView+AFNetworking.m */ = {isa = PBXFileReference; fileEncoding = 4; lastKnownFileType = sourcecode.c.objc; path = "UIActivityIndicatorView+AFNetworking.m"; sourceTree = "<group>"; };
		9949AB7F18660954003C60D1 /* UIAlertView+AFNetworking.h */ = {isa = PBXFileReference; fileEncoding = 4; lastKnownFileType = sourcecode.c.h; path = "UIAlertView+AFNetworking.h"; sourceTree = "<group>"; };
		9949AB8018660954003C60D1 /* UIAlertView+AFNetworking.m */ = {isa = PBXFileReference; fileEncoding = 4; lastKnownFileType = sourcecode.c.objc; path = "UIAlertView+AFNetworking.m"; sourceTree = "<group>"; };
		9949AB8118660954003C60D1 /* UIButton+AFNetworking.h */ = {isa = PBXFileReference; fileEncoding = 4; lastKnownFileType = sourcecode.c.h; path = "UIButton+AFNetworking.h"; sourceTree = "<group>"; };
		9949AB8218660954003C60D1 /* UIButton+AFNetworking.m */ = {isa = PBXFileReference; fileEncoding = 4; lastKnownFileType = sourcecode.c.objc; path = "UIButton+AFNetworking.m"; sourceTree = "<group>"; };
		9949AB8318660954003C60D1 /* UIImageView+AFNetworking.h */ = {isa = PBXFileReference; fileEncoding = 4; lastKnownFileType = sourcecode.c.h; path = "UIImageView+AFNetworking.h"; sourceTree = "<group>"; };
		9949AB8418660954003C60D1 /* UIImageView+AFNetworking.m */ = {isa = PBXFileReference; fileEncoding = 4; lastKnownFileType = sourcecode.c.objc; path = "UIImageView+AFNetworking.m"; sourceTree = "<group>"; };
		9949AB8518660954003C60D1 /* UIKit+AFNetworking.h */ = {isa = PBXFileReference; fileEncoding = 4; lastKnownFileType = sourcecode.c.h; path = "UIKit+AFNetworking.h"; sourceTree = "<group>"; };
		9949AB8618660954003C60D1 /* UIProgressView+AFNetworking.h */ = {isa = PBXFileReference; fileEncoding = 4; lastKnownFileType = sourcecode.c.h; path = "UIProgressView+AFNetworking.h"; sourceTree = "<group>"; };
		9949AB8718660954003C60D1 /* UIProgressView+AFNetworking.m */ = {isa = PBXFileReference; fileEncoding = 4; lastKnownFileType = sourcecode.c.objc; path = "UIProgressView+AFNetworking.m"; sourceTree = "<group>"; };
		9949AB8818660954003C60D1 /* UIWebView+AFNetworking.h */ = {isa = PBXFileReference; fileEncoding = 4; lastKnownFileType = sourcecode.c.h; path = "UIWebView+AFNetworking.h"; sourceTree = "<group>"; };
		9949AB8918660954003C60D1 /* UIWebView+AFNetworking.m */ = {isa = PBXFileReference; fileEncoding = 4; lastKnownFileType = sourcecode.c.objc; path = "UIWebView+AFNetworking.m"; sourceTree = "<group>"; };
		994BB59D186552B0005F9EAE /* FDKeychain.h */ = {isa = PBXFileReference; fileEncoding = 4; lastKnownFileType = sourcecode.c.h; path = FDKeychain.h; sourceTree = "<group>"; };
		994BB59E186552B0005F9EAE /* FDKeychain.m */ = {isa = PBXFileReference; fileEncoding = 4; lastKnownFileType = sourcecode.c.objc; path = FDKeychain.m; sourceTree = "<group>"; };
		994BB59F186552B0005F9EAE /* FDNullOrEmpty.h */ = {isa = PBXFileReference; fileEncoding = 4; lastKnownFileType = sourcecode.c.h; path = FDNullOrEmpty.h; sourceTree = "<group>"; };
		9995C29D1866984A00A43BFD /* Accounts.framework */ = {isa = PBXFileReference; lastKnownFileType = wrapper.framework; name = Accounts.framework; path = Platforms/MacOSX.platform/Developer/SDKs/MacOSX10.9.sdk/System/Library/Frameworks/Accounts.framework; sourceTree = DEVELOPER_DIR; };
		9995C29F1866985800A43BFD /* Social.framework */ = {isa = PBXFileReference; lastKnownFileType = wrapper.framework; name = Social.framework; path = Platforms/MacOSX.platform/Developer/SDKs/MacOSX10.9.sdk/System/Library/Frameworks/Social.framework; sourceTree = DEVELOPER_DIR; };
		99A7249A1867875C0062A2D3 /* NSDate+Calendar.h */ = {isa = PBXFileReference; fileEncoding = 4; lastKnownFileType = sourcecode.c.h; path = "NSDate+Calendar.h"; sourceTree = "<group>"; };
		99A7249B1867875C0062A2D3 /* NSDate+Compare.h */ = {isa = PBXFileReference; fileEncoding = 4; lastKnownFileType = sourcecode.c.h; path = "NSDate+Compare.h"; sourceTree = "<group>"; };
		99A7249C1867875C0062A2D3 /* NSDate+Compare.m */ = {isa = PBXFileReference; fileEncoding = 4; lastKnownFileType = sourcecode.c.objc; path = "NSDate+Compare.m"; sourceTree = "<group>"; };
		99A7249D1867875C0062A2D3 /* NSDate+Components.h */ = {isa = PBXFileReference; fileEncoding = 4; lastKnownFileType = sourcecode.c.h; path = "NSDate+Components.h"; sourceTree = "<group>"; };
		99A7249E1867875C0062A2D3 /* NSDate+Components.m */ = {isa = PBXFileReference; fileEncoding = 4; lastKnownFileType = sourcecode.c.objc; path = "NSDate+Components.m"; sourceTree = "<group>"; };
		99A7249F1867875C0062A2D3 /* NSDate+DateTime.h */ = {isa = PBXFileReference; fileEncoding = 4; lastKnownFileType = sourcecode.c.h; path = "NSDate+DateTime.h"; sourceTree = "<group>"; };
		99A724A01867875C0062A2D3 /* NSDate+DateTime.m */ = {isa = PBXFileReference; fileEncoding = 4; lastKnownFileType = sourcecode.c.objc; path = "NSDate+DateTime.m"; sourceTree = "<group>"; };
		99A724A11867875C0062A2D3 /* NSDate+Day.h */ = {isa = PBXFileReference; fileEncoding = 4; lastKnownFileType = sourcecode.c.h; path = "NSDate+Day.h"; sourceTree = "<group>"; };
		99A724A21867875C0062A2D3 /* NSDate+Day.m */ = {isa = PBXFileReference; fileEncoding = 4; lastKnownFileType = sourcecode.c.objc; path = "NSDate+Day.m"; sourceTree = "<group>"; };
		99A724A31867875C0062A2D3 /* NSDate+Month.h */ = {isa = PBXFileReference; fileEncoding = 4; lastKnownFileType = sourcecode.c.h; path = "NSDate+Month.h"; sourceTree = "<group>"; };
		99A724A41867875C0062A2D3 /* NSDate+Month.m */ = {isa = PBXFileReference; fileEncoding = 4; lastKnownFileType = sourcecode.c.objc; path = "NSDate+Month.m"; sourceTree = "<group>"; };
		99A724A51867875C0062A2D3 /* NSDate+Time.h */ = {isa = PBXFileReference; fileEncoding = 4; lastKnownFileType = sourcecode.c.h; path = "NSDate+Time.h"; sourceTree = "<group>"; };
		99A724A61867875C0062A2D3 /* NSDate+Time.m */ = {isa = PBXFileReference; fileEncoding = 4; lastKnownFileType = sourcecode.c.objc; path = "NSDate+Time.m"; sourceTree = "<group>"; };
		99A724A71867875C0062A2D3 /* NSDate+Week.h */ = {isa = PBXFileReference; fileEncoding = 4; lastKnownFileType = sourcecode.c.h; path = "NSDate+Week.h"; sourceTree = "<group>"; };
		99A724A81867875C0062A2D3 /* NSDate+Week.m */ = {isa = PBXFileReference; fileEncoding = 4; lastKnownFileType = sourcecode.c.objc; path = "NSDate+Week.m"; sourceTree = "<group>"; };
		99A724A91867875C0062A2D3 /* NSDate+Year.h */ = {isa = PBXFileReference; fileEncoding = 4; lastKnownFileType = sourcecode.c.h; path = "NSDate+Year.h"; sourceTree = "<group>"; };
		99A724AA1867875C0062A2D3 /* NSDate+Year.m */ = {isa = PBXFileReference; fileEncoding = 4; lastKnownFileType = sourcecode.c.objc; path = "NSDate+Year.m"; sourceTree = "<group>"; };
		99B2B93B18677C1500F0E456 /* Base */ = {isa = PBXFileReference; lastKnownFileType = file.storyboard; name = Base; path = Base.lproj/PadStoryboard.storyboard; sourceTree = "<group>"; };
		99B2B93E18677C1D00F0E456 /* fr */ = {isa = PBXFileReference; lastKnownFileType = text.plist.strings; name = fr; path = fr.lproj/PadStoryboard.strings; sourceTree = "<group>"; };
		99B2B94018677C1D00F0E456 /* es */ = {isa = PBXFileReference; lastKnownFileType = text.plist.strings; name = es; path = es.lproj/PadStoryboard.strings; sourceTree = "<group>"; };
		99B5EB551831429D00A7FA50 /* Cocoa.framework */ = {isa = PBXFileReference; lastKnownFileType = wrapper.framework; name = Cocoa.framework; path = Platforms/MacOSX.platform/Developer/SDKs/MacOSX10.9.sdk/System/Library/Frameworks/Cocoa.framework; sourceTree = DEVELOPER_DIR; };
		99B5EB591831453900A7FA50 /* AppKit.framework */ = {isa = PBXFileReference; lastKnownFileType = wrapper.framework; name = AppKit.framework; path = Platforms/MacOSX.platform/Developer/SDKs/MacOSX10.9.sdk/System/Library/Frameworks/AppKit.framework; sourceTree = DEVELOPER_DIR; };
		99B5EB5C1831455000A7FA50 /* CoreData.framework */ = {isa = PBXFileReference; lastKnownFileType = wrapper.framework; name = CoreData.framework; path = Platforms/MacOSX.platform/Developer/SDKs/MacOSX10.9.sdk/System/Library/Frameworks/CoreData.framework; sourceTree = DEVELOPER_DIR; };
		99B5EB5E1831455600A7FA50 /* Foundation.framework */ = {isa = PBXFileReference; lastKnownFileType = wrapper.framework; name = Foundation.framework; path = Platforms/MacOSX.platform/Developer/SDKs/MacOSX10.9.sdk/System/Library/Frameworks/Foundation.framework; sourceTree = DEVELOPER_DIR; };
		99B5EB7E1831622A00A7FA50 /* CFNetwork.framework */ = {isa = PBXFileReference; lastKnownFileType = wrapper.framework; name = CFNetwork.framework; path = System/Library/Frameworks/CFNetwork.framework; sourceTree = SDKROOT; };
		99B5EB8018316AC300A7FA50 /* SystemConfiguration.framework */ = {isa = PBXFileReference; lastKnownFileType = wrapper.framework; name = SystemConfiguration.framework; path = System/Library/Frameworks/SystemConfiguration.framework; sourceTree = SDKROOT; };
		99B5EB8218316AC900A7FA50 /* MobileCoreServices.framework */ = {isa = PBXFileReference; lastKnownFileType = wrapper.framework; name = MobileCoreServices.framework; path = System/Library/Frameworks/MobileCoreServices.framework; sourceTree = SDKROOT; };
		99B5EB8418316AF500A7FA50 /* Security.framework */ = {isa = PBXFileReference; lastKnownFileType = wrapper.framework; name = Security.framework; path = System/Library/Frameworks/Security.framework; sourceTree = SDKROOT; };
		99B5EB8E1831776D00A7FA50 /* XCTest.framework */ = {isa = PBXFileReference; lastKnownFileType = wrapper.framework; name = XCTest.framework; path = Library/Frameworks/XCTest.framework; sourceTree = DEVELOPER_DIR; };
		99B5EBA01831811C00A7FA50 /* Accounts.framework */ = {isa = PBXFileReference; lastKnownFileType = wrapper.framework; name = Accounts.framework; path = System/Library/Frameworks/Accounts.framework; sourceTree = SDKROOT; };
		99F3A880186DE82B00A21E11 /* MoreViewController.h */ = {isa = PBXFileReference; fileEncoding = 4; lastKnownFileType = sourcecode.c.h; path = MoreViewController.h; sourceTree = "<group>"; };
		99F3A881186DE82B00A21E11 /* MoreViewController.m */ = {isa = PBXFileReference; fileEncoding = 4; lastKnownFileType = sourcecode.c.objc; path = MoreViewController.m; sourceTree = "<group>"; };
		99F3A884186DEB3B00A21E11 /* StoreKit.framework */ = {isa = PBXFileReference; lastKnownFileType = wrapper.framework; name = StoreKit.framework; path = System/Library/Frameworks/StoreKit.framework; sourceTree = SDKROOT; };
		99F3A886186DED1D00A21E11 /* LicenseViewController.h */ = {isa = PBXFileReference; fileEncoding = 4; lastKnownFileType = sourcecode.c.h; path = LicenseViewController.h; sourceTree = "<group>"; };
		99F3A887186DED1D00A21E11 /* LicenseViewController.m */ = {isa = PBXFileReference; fileEncoding = 4; lastKnownFileType = sourcecode.c.objc; path = LicenseViewController.m; sourceTree = "<group>"; };
		99F3A889186DED3E00A21E11 /* PurchaseFetchViewController.h */ = {isa = PBXFileReference; fileEncoding = 4; lastKnownFileType = sourcecode.c.h; path = PurchaseFetchViewController.h; sourceTree = "<group>"; };
		99F3A88A186DED3E00A21E11 /* PurchaseFetchViewController.m */ = {isa = PBXFileReference; fileEncoding = 4; lastKnownFileType = sourcecode.c.objc; path = PurchaseFetchViewController.m; sourceTree = "<group>"; };
		99F3A890186E7E4100A21E11 /* MacIcon@2x.icns */ = {isa = PBXFileReference; lastKnownFileType = image.icns; path = "MacIcon@2x.icns"; sourceTree = "<group>"; };
		99F3A893186E931A00A21E11 /* EBPurchase.h */ = {isa = PBXFileReference; fileEncoding = 4; lastKnownFileType = sourcecode.c.h; path = EBPurchase.h; sourceTree = "<group>"; };
		99F3A894186E931A00A21E11 /* EBPurchase.m */ = {isa = PBXFileReference; fileEncoding = 4; lastKnownFileType = sourcecode.c.objc; path = EBPurchase.m; sourceTree = "<group>"; };
		A762611C16348C68001149A4 /* iRT.app */ = {isa = PBXFileReference; explicitFileType = wrapper.application; includeInIndex = 0; path = iRT.app; sourceTree = BUILT_PRODUCTS_DIR; };
		A762612616348C68001149A4 /* iRT-Info.plist */ = {isa = PBXFileReference; lastKnownFileType = text.plist.xml; path = "iRT-Info.plist"; sourceTree = "<group>"; };
		A762612816348C68001149A4 /* en */ = {isa = PBXFileReference; lastKnownFileType = text.plist.strings; name = en; path = en.lproj/InfoPlist.strings; sourceTree = "<group>"; };
		A762612A16348C68001149A4 /* main.m */ = {isa = PBXFileReference; lastKnownFileType = sourcecode.c.objc; path = main.m; sourceTree = "<group>"; };
		A762612C16348C68001149A4 /* iRT-Prefix.pch */ = {isa = PBXFileReference; lastKnownFileType = sourcecode.c.h; path = "iRT-Prefix.pch"; sourceTree = "<group>"; };
		A762612E16348C68001149A4 /* en */ = {isa = PBXFileReference; lastKnownFileType = text.rtf; name = en; path = en.lproj/Credits.rtf; sourceTree = "<group>"; };
		A762613016348C68001149A4 /* BRAppDelegate.h */ = {isa = PBXFileReference; lastKnownFileType = sourcecode.c.h; path = BRAppDelegate.h; sourceTree = "<group>"; };
		A762613116348C68001149A4 /* BRAppDelegate.m */ = {isa = PBXFileReference; lastKnownFileType = sourcecode.c.objc; path = BRAppDelegate.m; sourceTree = "<group>"; };
		A7B30B901875D0A8001D2D88 /* Images.xcassets */ = {isa = PBXFileReference; lastKnownFileType = folder.assetcatalog; name = Images.xcassets; path = iosReviewTime/Images.xcassets; sourceTree = "<group>"; };
		A7E494F9162CA40900F34B63 /* DeveloperAppsViewController.h */ = {isa = PBXFileReference; fileEncoding = 4; lastKnownFileType = sourcecode.c.h; path = DeveloperAppsViewController.h; sourceTree = "<group>"; };
		A7E494FA162CA40900F34B63 /* DeveloperAppsViewController.m */ = {isa = PBXFileReference; fileEncoding = 4; lastKnownFileType = sourcecode.c.objc; path = DeveloperAppsViewController.m; sourceTree = "<group>"; };
		A7E494FF162CA76500F34B63 /* BRAppCell.h */ = {isa = PBXFileReference; fileEncoding = 4; lastKnownFileType = sourcecode.c.h; path = BRAppCell.h; sourceTree = "<group>"; };
		A7E49500162CA76500F34B63 /* BRAppCell.m */ = {isa = PBXFileReference; fileEncoding = 4; lastKnownFileType = sourcecode.c.objc; path = BRAppCell.m; sourceTree = "<group>"; };
		A7F4DB8D162B632400B98088 /* iOSReviewTime.app */ = {isa = PBXFileReference; explicitFileType = wrapper.application; includeInIndex = 0; path = iOSReviewTime.app; sourceTree = BUILT_PRODUCTS_DIR; };
		A7F4DB91162B632400B98088 /* UIKit.framework */ = {isa = PBXFileReference; lastKnownFileType = wrapper.framework; name = UIKit.framework; path = System/Library/Frameworks/UIKit.framework; sourceTree = SDKROOT; };
		A7F4DB93162B632400B98088 /* Foundation.framework */ = {isa = PBXFileReference; lastKnownFileType = wrapper.framework; name = Foundation.framework; path = System/Library/Frameworks/Foundation.framework; sourceTree = SDKROOT; };
		A7F4DB95162B632400B98088 /* CoreGraphics.framework */ = {isa = PBXFileReference; lastKnownFileType = wrapper.framework; name = CoreGraphics.framework; path = System/Library/Frameworks/CoreGraphics.framework; sourceTree = SDKROOT; };
		A7F4DB99162B632400B98088 /* iOS Review Time-Info.plist */ = {isa = PBXFileReference; lastKnownFileType = text.plist.xml; path = "iOS Review Time-Info.plist"; sourceTree = "<group>"; };
		A7F4DB9D162B632400B98088 /* main.m */ = {isa = PBXFileReference; lastKnownFileType = sourcecode.c.objc; path = main.m; sourceTree = "<group>"; };
		A7F4DB9F162B632400B98088 /* iOS Review Time-Prefix.pch */ = {isa = PBXFileReference; lastKnownFileType = sourcecode.c.h; path = "iOS Review Time-Prefix.pch"; sourceTree = "<group>"; };
		A7F4DBA0162B632400B98088 /* BRAppDelegate.h */ = {isa = PBXFileReference; lastKnownFileType = sourcecode.c.h; path = BRAppDelegate.h; sourceTree = "<group>"; };
		A7F4DBA1162B632400B98088 /* BRAppDelegate.m */ = {isa = PBXFileReference; lastKnownFileType = sourcecode.c.objc; path = BRAppDelegate.m; sourceTree = "<group>"; };
		A7F4DBA9162B632400B98088 /* BRReviewTimeViewController.h */ = {isa = PBXFileReference; lastKnownFileType = sourcecode.c.h; path = BRReviewTimeViewController.h; sourceTree = "<group>"; };
		A7F4DBAA162B632400B98088 /* BRReviewTimeViewController.m */ = {isa = PBXFileReference; lastKnownFileType = sourcecode.c.objc; path = BRReviewTimeViewController.m; sourceTree = "<group>"; };
		A7F4DBBE162BDF8300B98088 /* Twitter.framework */ = {isa = PBXFileReference; lastKnownFileType = wrapper.framework; name = Twitter.framework; path = System/Library/Frameworks/Twitter.framework; sourceTree = SDKROOT; };
		A7F4DBC0162BDF9200B98088 /* Social.framework */ = {isa = PBXFileReference; lastKnownFileType = wrapper.framework; name = Social.framework; path = System/Library/Frameworks/Social.framework; sourceTree = SDKROOT; };
		A7F4DBC6162C614A00B98088 /* BRTweetCell.h */ = {isa = PBXFileReference; fileEncoding = 4; lastKnownFileType = sourcecode.c.h; path = BRTweetCell.h; sourceTree = "<group>"; };
		A7F4DBC7162C614A00B98088 /* BRTweetCell.m */ = {isa = PBXFileReference; fileEncoding = 4; lastKnownFileType = sourcecode.c.objc; path = BRTweetCell.m; sourceTree = "<group>"; };
/* End PBXFileReference section */

/* Begin PBXFrameworksBuildPhase section */
		A762611916348C68001149A4 /* Frameworks */ = {
			isa = PBXFrameworksBuildPhase;
			buildActionMask = 2147483647;
			files = (
				9995C2A01866985800A43BFD /* Social.framework in Frameworks */,
				9995C29E1866984A00A43BFD /* Accounts.framework in Frameworks */,
				99B5EB5F1831455600A7FA50 /* Foundation.framework in Frameworks */,
				99B5EB5D1831455000A7FA50 /* CoreData.framework in Frameworks */,
				99B5EB5B1831454400A7FA50 /* AppKit.framework in Frameworks */,
				99B5EB561831429D00A7FA50 /* Cocoa.framework in Frameworks */,
			);
			runOnlyForDeploymentPostprocessing = 0;
		};
		A7F4DB8A162B632400B98088 /* Frameworks */ = {
			isa = PBXFrameworksBuildPhase;
			buildActionMask = 2147483647;
			files = (
				99B5EBA11831811C00A7FA50 /* Accounts.framework in Frameworks */,
				99B5EB8518316AF500A7FA50 /* Security.framework in Frameworks */,
				99B5EB8318316AC900A7FA50 /* MobileCoreServices.framework in Frameworks */,
				99B5EB8118316AC300A7FA50 /* SystemConfiguration.framework in Frameworks */,
				99B5EB7F1831622A00A7FA50 /* CFNetwork.framework in Frameworks */,
				A7F4DBC1162BDF9200B98088 /* Social.framework in Frameworks */,
				A7F4DBBF162BDF8300B98088 /* Twitter.framework in Frameworks */,
				A7F4DB92162B632400B98088 /* UIKit.framework in Frameworks */,
				A7F4DB94162B632400B98088 /* Foundation.framework in Frameworks */,
				A7F4DB96162B632400B98088 /* CoreGraphics.framework in Frameworks */,
				99F3A885186DEB3B00A21E11 /* StoreKit.framework in Frameworks */,
			);
			runOnlyForDeploymentPostprocessing = 0;
		};
/* End PBXFrameworksBuildPhase section */

/* Begin PBXGroup section */
		9949AB5D1865FB85003C60D1 /* AFNetworking */ = {
			isa = PBXGroup;
			children = (
				9949AB7A18660954003C60D1 /* UIKit+AFNetworking */,
				9949AB5E1865FB85003C60D1 /* AFHTTPRequestOperation.h */,
				9949AB5F1865FB85003C60D1 /* AFHTTPRequestOperation.m */,
				9949AB601865FB85003C60D1 /* AFHTTPRequestOperationManager.h */,
				9949AB611865FB85003C60D1 /* AFHTTPRequestOperationManager.m */,
				9949AB621865FB85003C60D1 /* AFHTTPSessionManager.h */,
				9949AB631865FB85003C60D1 /* AFHTTPSessionManager.m */,
				9949AB641865FB85003C60D1 /* AFNetworking.h */,
				9949AB651865FB85003C60D1 /* AFNetworkReachabilityManager.h */,
				9949AB661865FB85003C60D1 /* AFNetworkReachabilityManager.m */,
				9949AB671865FB85003C60D1 /* AFSecurityPolicy.h */,
				9949AB681865FB85003C60D1 /* AFSecurityPolicy.m */,
				9949AB691865FB85003C60D1 /* AFURLConnectionOperation.h */,
				9949AB6A1865FB85003C60D1 /* AFURLConnectionOperation.m */,
				9949AB6B1865FB85003C60D1 /* AFURLRequestSerialization.h */,
				9949AB6C1865FB85003C60D1 /* AFURLRequestSerialization.m */,
				9949AB6D1865FB85003C60D1 /* AFURLResponseSerialization.h */,
				9949AB6E1865FB85003C60D1 /* AFURLResponseSerialization.m */,
				9949AB6F1865FB85003C60D1 /* AFURLSessionManager.h */,
				9949AB701865FB85003C60D1 /* AFURLSessionManager.m */,
			);
			path = AFNetworking;
			sourceTree = "<group>";
		};
		9949AB7A18660954003C60D1 /* UIKit+AFNetworking */ = {
			isa = PBXGroup;
			children = (
				9949AB7B18660954003C60D1 /* AFNetworkActivityIndicatorManager.h */,
				9949AB7C18660954003C60D1 /* AFNetworkActivityIndicatorManager.m */,
				9949AB7D18660954003C60D1 /* UIActivityIndicatorView+AFNetworking.h */,
				9949AB7E18660954003C60D1 /* UIActivityIndicatorView+AFNetworking.m */,
				9949AB7F18660954003C60D1 /* UIAlertView+AFNetworking.h */,
				9949AB8018660954003C60D1 /* UIAlertView+AFNetworking.m */,
				9949AB8118660954003C60D1 /* UIButton+AFNetworking.h */,
				9949AB8218660954003C60D1 /* UIButton+AFNetworking.m */,
				9949AB8318660954003C60D1 /* UIImageView+AFNetworking.h */,
				9949AB8418660954003C60D1 /* UIImageView+AFNetworking.m */,
				9949AB8518660954003C60D1 /* UIKit+AFNetworking.h */,
				9949AB8618660954003C60D1 /* UIProgressView+AFNetworking.h */,
				9949AB8718660954003C60D1 /* UIProgressView+AFNetworking.m */,
				9949AB8818660954003C60D1 /* UIWebView+AFNetworking.h */,
				9949AB8918660954003C60D1 /* UIWebView+AFNetworking.m */,
			);
			path = "UIKit+AFNetworking";
			sourceTree = "<group>";
		};
		994BB59C186552B0005F9EAE /* FDKeychain */ = {
			isa = PBXGroup;
			children = (
				994BB59D186552B0005F9EAE /* FDKeychain.h */,
				994BB59E186552B0005F9EAE /* FDKeychain.m */,
				994BB59F186552B0005F9EAE /* FDNullOrEmpty.h */,
			);
			path = FDKeychain;
			sourceTree = "<group>";
		};
		99A724991867875C0062A2D3 /* NSDate Extensions */ = {
			isa = PBXGroup;
			children = (
				99A7249A1867875C0062A2D3 /* NSDate+Calendar.h */,
				99A7249B1867875C0062A2D3 /* NSDate+Compare.h */,
				99A7249C1867875C0062A2D3 /* NSDate+Compare.m */,
				99A7249D1867875C0062A2D3 /* NSDate+Components.h */,
				99A7249E1867875C0062A2D3 /* NSDate+Components.m */,
				99A7249F1867875C0062A2D3 /* NSDate+DateTime.h */,
				99A724A01867875C0062A2D3 /* NSDate+DateTime.m */,
				99A724A11867875C0062A2D3 /* NSDate+Day.h */,
				99A724A21867875C0062A2D3 /* NSDate+Day.m */,
				99A724A31867875C0062A2D3 /* NSDate+Month.h */,
				99A724A41867875C0062A2D3 /* NSDate+Month.m */,
				99A724A51867875C0062A2D3 /* NSDate+Time.h */,
				99A724A61867875C0062A2D3 /* NSDate+Time.m */,
				99A724A71867875C0062A2D3 /* NSDate+Week.h */,
				99A724A81867875C0062A2D3 /* NSDate+Week.m */,
				99A724A91867875C0062A2D3 /* NSDate+Year.h */,
				99A724AA1867875C0062A2D3 /* NSDate+Year.m */,
			);
			path = "NSDate Extensions";
			sourceTree = "<group>";
		};
		99F3A892186E931A00A21E11 /* EBPurchase */ = {
			isa = PBXGroup;
			children = (
				99F3A893186E931A00A21E11 /* EBPurchase.h */,
				99F3A894186E931A00A21E11 /* EBPurchase.m */,
			);
			path = EBPurchase;
			sourceTree = "<group>";
		};
		A762612016348C68001149A4 /* Other Frameworks */ = {
			isa = PBXGroup;
			children = (
				99B5EB5E1831455600A7FA50 /* Foundation.framework */,
				99B5EB5C1831455000A7FA50 /* CoreData.framework */,
				99B5EB591831453900A7FA50 /* AppKit.framework */,
			);
			name = "Other Frameworks";
			sourceTree = "<group>";
		};
		A762612416348C68001149A4 /* iOS Review Time - Mac */ = {
			isa = PBXGroup;
			children = (
				992BD14E18665D61001AD587 /* iRT.entitlements */,
				A762613016348C68001149A4 /* BRAppDelegate.h */,
				A762613116348C68001149A4 /* BRAppDelegate.m */,
				A762613316348C68001149A4 /* MainMenu.xib */,
				A762612516348C68001149A4 /* Supporting Files */,
			);
			name = "iOS Review Time - Mac";
			path = iRT;
			sourceTree = "<group>";
		};
		A762612516348C68001149A4 /* Supporting Files */ = {
			isa = PBXGroup;
			children = (
				A762612616348C68001149A4 /* iRT-Info.plist */,
				A762612716348C68001149A4 /* InfoPlist.strings */,
				A762612A16348C68001149A4 /* main.m */,
				A762612C16348C68001149A4 /* iRT-Prefix.pch */,
				A762612D16348C68001149A4 /* Credits.rtf */,
			);
			name = "Supporting Files";
			sourceTree = "<group>";
		};
		A7A24072163059BD005F5496 /* TableView Cells */ = {
			isa = PBXGroup;
			children = (
				A7E494FF162CA76500F34B63 /* BRAppCell.h */,
				A7E49500162CA76500F34B63 /* BRAppCell.m */,
				A7F4DBC6162C614A00B98088 /* BRTweetCell.h */,
				A7F4DBC7162C614A00B98088 /* BRTweetCell.m */,
			);
			name = "TableView Cells";
			sourceTree = "<group>";
		};
		A7F4DB82162B632400B98088 = {
			isa = PBXGroup;
			children = (
				99F3A890186E7E4100A21E11 /* MacIcon@2x.icns */,
				A7B30B901875D0A8001D2D88 /* Images.xcassets */,
				A7F4DB97162B632400B98088 /* iOS Review Time - iOS */,
				A762612416348C68001149A4 /* iOS Review Time - Mac */,
				A7F4DB90162B632400B98088 /* Frameworks */,
				A7F4DB8E162B632400B98088 /* Products */,
			);
			sourceTree = "<group>";
		};
		A7F4DB8E162B632400B98088 /* Products */ = {
			isa = PBXGroup;
			children = (
				A7F4DB8D162B632400B98088 /* iOSReviewTime.app */,
				A762611C16348C68001149A4 /* iRT.app */,
			);
			name = Products;
			sourceTree = "<group>";
		};
		A7F4DB90162B632400B98088 /* Frameworks */ = {
			isa = PBXGroup;
			children = (
				99F3A884186DEB3B00A21E11 /* StoreKit.framework */,
				9995C29F1866985800A43BFD /* Social.framework */,
				9995C29D1866984A00A43BFD /* Accounts.framework */,
				99B5EBA01831811C00A7FA50 /* Accounts.framework */,
				99B5EB8418316AF500A7FA50 /* Security.framework */,
				99B5EB8218316AC900A7FA50 /* MobileCoreServices.framework */,
				99B5EB8018316AC300A7FA50 /* SystemConfiguration.framework */,
				99B5EB7E1831622A00A7FA50 /* CFNetwork.framework */,
				99B5EB551831429D00A7FA50 /* Cocoa.framework */,
				A7F4DBC0162BDF9200B98088 /* Social.framework */,
				A7F4DBBE162BDF8300B98088 /* Twitter.framework */,
				A7F4DB91162B632400B98088 /* UIKit.framework */,
				A7F4DB93162B632400B98088 /* Foundation.framework */,
				A7F4DB95162B632400B98088 /* CoreGraphics.framework */,
				99B5EB8E1831776D00A7FA50 /* XCTest.framework */,
				A762612016348C68001149A4 /* Other Frameworks */,
			);
			name = Frameworks;
			sourceTree = "<group>";
		};
		A7F4DB97162B632400B98088 /* iOS Review Time - iOS */ = {
			isa = PBXGroup;
			children = (
				A7F4DBA0162B632400B98088 /* BRAppDelegate.h */,
				A7F4DBA1162B632400B98088 /* BRAppDelegate.m */,
				992BD152186664BD001AD587 /* MainStoryboard.storyboard */,
				99B2B93C18677C1500F0E456 /* PadStoryboard.storyboard */,
				A7F4DBA9162B632400B98088 /* BRReviewTimeViewController.h */,
				A7F4DBAA162B632400B98088 /* BRReviewTimeViewController.m */,
				A7E494F9162CA40900F34B63 /* DeveloperAppsViewController.h */,
				A7E494FA162CA40900F34B63 /* DeveloperAppsViewController.m */,
				9949AB5A1865F477003C60D1 /* LoginViewController.h */,
				9949AB5B1865F478003C60D1 /* LoginViewController.m */,
				99F3A880186DE82B00A21E11 /* MoreViewController.h */,
				99F3A881186DE82B00A21E11 /* MoreViewController.m */,
				99F3A886186DED1D00A21E11 /* LicenseViewController.h */,
				99F3A887186DED1D00A21E11 /* LicenseViewController.m */,
				99F3A889186DED3E00A21E11 /* PurchaseFetchViewController.h */,
				99F3A88A186DED3E00A21E11 /* PurchaseFetchViewController.m */,
				A7F4DB98162B632400B98088 /* Supporting Files */,
			);
			name = "iOS Review Time - iOS";
			path = iosReviewTime;
			sourceTree = "<group>";
		};
		A7F4DB98162B632400B98088 /* Supporting Files */ = {
			isa = PBXGroup;
			children = (
				99F3A892186E931A00A21E11 /* EBPurchase */,
				99A724991867875C0062A2D3 /* NSDate Extensions */,
				9949AB5D1865FB85003C60D1 /* AFNetworking */,
				994BB59C186552B0005F9EAE /* FDKeychain */,
				A7A24072163059BD005F5496 /* TableView Cells */,
				A7F4DB99162B632400B98088 /* iOS Review Time-Info.plist */,
				A7F4DB9D162B632400B98088 /* main.m */,
				A7F4DB9F162B632400B98088 /* iOS Review Time-Prefix.pch */,
				992BD15F18666663001AD587 /* Localizable.strings */,
			);
			name = "Supporting Files";
			sourceTree = "<group>";
		};
/* End PBXGroup section */

/* Begin PBXNativeTarget section */
		A762611B16348C68001149A4 /* iRT */ = {
			isa = PBXNativeTarget;
			buildConfigurationList = A762613816348C68001149A4 /* Build configuration list for PBXNativeTarget "iRT" */;
			buildPhases = (
				A762611816348C68001149A4 /* Sources */,
				A762611916348C68001149A4 /* Frameworks */,
				A762611A16348C68001149A4 /* Resources */,
			);
			buildRules = (
			);
			dependencies = (
			);
			name = iRT;
			productName = iRT;
			productReference = A762611C16348C68001149A4 /* iRT.app */;
			productType = "com.apple.product-type.application";
		};
		A7F4DB8C162B632400B98088 /* iOSReviewTime */ = {
			isa = PBXNativeTarget;
			buildConfigurationList = A7F4DBB1162B632400B98088 /* Build configuration list for PBXNativeTarget "iOSReviewTime" */;
			buildPhases = (
				A7F4DB89162B632400B98088 /* Sources */,
				A7F4DB8A162B632400B98088 /* Frameworks */,
				A7F4DB8B162B632400B98088 /* Resources */,
				99F3A883186DEB2000A21E11 /* Version Script */,
			);
			buildRules = (
			);
			dependencies = (
			);
			name = iOSReviewTime;
			productName = iosReviewTime;
			productReference = A7F4DB8D162B632400B98088 /* iOSReviewTime.app */;
			productType = "com.apple.product-type.application";
		};
/* End PBXNativeTarget section */

/* Begin PBXProject section */
		A7F4DB84162B632400B98088 /* Project object */ = {
			isa = PBXProject;
			attributes = {
				CLASSPREFIX = "";
				LastUpgradeCheck = 0500;
				ORGANIZATIONNAME = "iRare Media";
				TargetAttributes = {
					A762611B16348C68001149A4 = {
						SystemCapabilities = {
							com.apple.Sandbox = {
								enabled = 1;
							};
						};
					};
					A7F4DB8C162B632400B98088 = {
						DevelopmentTeam = 5L7L2PJBYZ;
						SystemCapabilities = {
							com.apple.BackgroundModes = {
								enabled = 1;
							};
							com.apple.InAppPurchase = {
								enabled = 1;
							};
						};
					};
				};
			};
			buildConfigurationList = A7F4DB87162B632400B98088 /* Build configuration list for PBXProject "iOS Review Time" */;
			compatibilityVersion = "Xcode 3.2";
			developmentRegion = English;
			hasScannedForEncodings = 0;
			knownRegions = (
				en,
				Base,
				fr,
				es,
			);
			mainGroup = A7F4DB82162B632400B98088;
			productRefGroup = A7F4DB8E162B632400B98088 /* Products */;
			projectDirPath = "";
			projectRoot = "";
			targets = (
				A7F4DB8C162B632400B98088 /* iOSReviewTime */,
				A762611B16348C68001149A4 /* iRT */,
			);
		};
/* End PBXProject section */

/* Begin PBXResourcesBuildPhase section */
		A762611A16348C68001149A4 /* Resources */ = {
			isa = PBXResourcesBuildPhase;
			buildActionMask = 2147483647;
			files = (
				A762612916348C68001149A4 /* InfoPlist.strings in Resources */,
				A762612F16348C68001149A4 /* Credits.rtf in Resources */,
				99F3A891186E7E4100A21E11 /* MacIcon@2x.icns in Resources */,
				A762613516348C68001149A4 /* MainMenu.xib in Resources */,
			);
			runOnlyForDeploymentPostprocessing = 0;
		};
		A7F4DB8B162B632400B98088 /* Resources */ = {
			isa = PBXResourcesBuildPhase;
			buildActionMask = 2147483647;
			files = (
				99B2B94118677FEF00F0E456 /* PadStoryboard.storyboard in Resources */,
				A7B30B911875D0A8001D2D88 /* Images.xcassets in Resources */,
				992BD150186664BD001AD587 /* MainStoryboard.storyboard in Resources */,
				992BD15D18666663001AD587 /* Localizable.strings in Resources */,
			);
			runOnlyForDeploymentPostprocessing = 0;
		};
/* End PBXResourcesBuildPhase section */

/* Begin PBXShellScriptBuildPhase section */
		99F3A883186DEB2000A21E11 /* Version Script */ = {
			isa = PBXShellScriptBuildPhase;
			buildActionMask = 2147483647;
			files = (
			);
			inputPaths = (
			);
			name = "Version Script";
			outputPaths = (
			);
			runOnlyForDeploymentPostprocessing = 0;
			shellPath = /bin/bash;
			shellScript = "buildNumber=$(/usr/libexec/PlistBuddy -c \"Print CFBundleVersion\" \"${PROJECT_DIR}/${INFOPLIST_FILE}\")\nbuildNumber=$(($buildNumber + 1))\n/usr/libexec/PlistBuddy -c \"Set :CFBundleVersion $buildNumber\" \"${PROJECT_DIR}/${INFOPLIST_FILE}\"";
		};
/* End PBXShellScriptBuildPhase section */

/* Begin PBXSourcesBuildPhase section */
		A762611816348C68001149A4 /* Sources */ = {
			isa = PBXSourcesBuildPhase;
			buildActionMask = 2147483647;
			files = (
				A762612B16348C68001149A4 /* main.m in Sources */,
				A762613216348C68001149A4 /* BRAppDelegate.m in Sources */,
			);
			runOnlyForDeploymentPostprocessing = 0;
		};
		A7F4DB89162B632400B98088 /* Sources */ = {
			isa = PBXSourcesBuildPhase;
			buildActionMask = 2147483647;
			files = (
				9949AB711865FB85003C60D1 /* AFHTTPRequestOperation.m in Sources */,
				A7F4DB9E162B632400B98088 /* main.m in Sources */,
				9949AB8D18660954003C60D1 /* UIButton+AFNetworking.m in Sources */,
				99A724B21867875C0062A2D3 /* NSDate+Year.m in Sources */,
				9949AB8F18660954003C60D1 /* UIProgressView+AFNetworking.m in Sources */,
				99A724AC1867875C0062A2D3 /* NSDate+Components.m in Sources */,
				A7F4DBA2162B632400B98088 /* BRAppDelegate.m in Sources */,
				A7F4DBAB162B632400B98088 /* BRReviewTimeViewController.m in Sources */,
				99F3A88B186DED3E00A21E11 /* PurchaseFetchViewController.m in Sources */,
				9949AB8C18660954003C60D1 /* UIAlertView+AFNetworking.m in Sources */,
				99A724AF1867875C0062A2D3 /* NSDate+Month.m in Sources */,
				A7F4DBC8162C614A00B98088 /* BRTweetCell.m in Sources */,
				99A724AD1867875C0062A2D3 /* NSDate+DateTime.m in Sources */,
				99A724B01867875C0062A2D3 /* NSDate+Time.m in Sources */,
				9949AB791865FB85003C60D1 /* AFURLSessionManager.m in Sources */,
				99A724AE1867875C0062A2D3 /* NSDate+Day.m in Sources */,
				9949AB731865FB85003C60D1 /* AFHTTPSessionManager.m in Sources */,
				9949AB8E18660954003C60D1 /* UIImageView+AFNetworking.m in Sources */,
				A7E494FC162CA40900F34B63 /* DeveloperAppsViewController.m in Sources */,
				9949AB8B18660954003C60D1 /* UIActivityIndicatorView+AFNetworking.m in Sources */,
				9949AB8A18660954003C60D1 /* AFNetworkActivityIndicatorManager.m in Sources */,
				99A724B11867875C0062A2D3 /* NSDate+Week.m in Sources */,
				9949AB741865FB85003C60D1 /* AFNetworkReachabilityManager.m in Sources */,
				A7E49501162CA76500F34B63 /* BRAppCell.m in Sources */,
				9949AB781865FB85003C60D1 /* AFURLResponseSerialization.m in Sources */,
				99A724AB1867875C0062A2D3 /* NSDate+Compare.m in Sources */,
				9949AB771865FB85003C60D1 /* AFURLRequestSerialization.m in Sources */,
				9949AB761865FB85003C60D1 /* AFURLConnectionOperation.m in Sources */,
				9949AB721865FB85003C60D1 /* AFHTTPRequestOperationManager.m in Sources */,
				99F3A895186E931A00A21E11 /* EBPurchase.m in Sources */,
				9949AB9018660954003C60D1 /* UIWebView+AFNetworking.m in Sources */,
				994BB5A0186552B0005F9EAE /* FDKeychain.m in Sources */,
				99F3A888186DED1D00A21E11 /* LicenseViewController.m in Sources */,
				9949AB751865FB85003C60D1 /* AFSecurityPolicy.m in Sources */,
				99F3A882186DE82B00A21E11 /* MoreViewController.m in Sources */,
				9949AB5C1865F478003C60D1 /* LoginViewController.m in Sources */,
			);
			runOnlyForDeploymentPostprocessing = 0;
		};
/* End PBXSourcesBuildPhase section */

/* Begin PBXVariantGroup section */
		992BD152186664BD001AD587 /* MainStoryboard.storyboard */ = {
			isa = PBXVariantGroup;
			children = (
				992BD151186664BD001AD587 /* Base */,
				992BD153186664CA001AD587 /* fr */,
				992BD158186664D1001AD587 /* es */,
			);
			name = MainStoryboard.storyboard;
			sourceTree = "<group>";
		};
		992BD15F18666663001AD587 /* Localizable.strings */ = {
			isa = PBXVariantGroup;
			children = (
				992BD15E18666663001AD587 /* Base */,
				992BD16118666665001AD587 /* fr */,
				992BD16218666667001AD587 /* es */,
			);
			name = Localizable.strings;
			sourceTree = "<group>";
		};
		99B2B93C18677C1500F0E456 /* PadStoryboard.storyboard */ = {
			isa = PBXVariantGroup;
			children = (
				99B2B93B18677C1500F0E456 /* Base */,
				99B2B93E18677C1D00F0E456 /* fr */,
				99B2B94018677C1D00F0E456 /* es */,
			);
			name = PadStoryboard.storyboard;
			sourceTree = "<group>";
		};
		A762612716348C68001149A4 /* InfoPlist.strings */ = {
			isa = PBXVariantGroup;
			children = (
				A762612816348C68001149A4 /* en */,
				992BD156186664CA001AD587 /* fr */,
				992BD15B186664D2001AD587 /* es */,
			);
			name = InfoPlist.strings;
			sourceTree = "<group>";
		};
		A762612D16348C68001149A4 /* Credits.rtf */ = {
			isa = PBXVariantGroup;
			children = (
				A762612E16348C68001149A4 /* en */,
				992BD157186664CA001AD587 /* fr */,
				992BD15C186664D2001AD587 /* es */,
			);
			name = Credits.rtf;
			sourceTree = "<group>";
		};
		A762613316348C68001149A4 /* MainMenu.xib */ = {
			isa = PBXVariantGroup;
			children = (
				992BD14F186664B1001AD587 /* Base */,
				992BD154186664CA001AD587 /* fr */,
				992BD159186664D2001AD587 /* es */,
			);
			name = MainMenu.xib;
			sourceTree = "<group>";
		};
/* End PBXVariantGroup section */

/* Begin XCBuildConfiguration section */
		A762613616348C68001149A4 /* Debug */ = {
			isa = XCBuildConfiguration;
			buildSettings = {
				CODE_SIGN_ENTITLEMENTS = iRT/iRT.entitlements;
				CODE_SIGN_IDENTITY = "Mac Developer";
				COMBINE_HIDPI_IMAGES = YES;
				FRAMEWORK_SEARCH_PATHS = (
					"$(inherited)",
					"\"$(SYSTEM_APPS_DIR)/Xcode.app/Contents/Developer/Library/Frameworks\"",
				);
				GCC_ENABLE_OBJC_EXCEPTIONS = YES;
				GCC_PRECOMPILE_PREFIX_HEADER = YES;
				GCC_PREFIX_HEADER = "iRT/iRT-Prefix.pch";
				GCC_WARN_64_TO_32_BIT_CONVERSION = YES;
				INFOPLIST_FILE = "iRT/iRT-Info.plist";
				MACOSX_DEPLOYMENT_TARGET = 10.8;
				ONLY_ACTIVE_ARCH = YES;
				PRODUCT_NAME = "$(TARGET_NAME)";
				SDKROOT = macosx;
				WRAPPER_EXTENSION = app;
			};
			name = Debug;
		};
		A762613716348C68001149A4 /* Release */ = {
			isa = XCBuildConfiguration;
			buildSettings = {
				CODE_SIGN_ENTITLEMENTS = iRT/iRT.entitlements;
				CODE_SIGN_IDENTITY = "Mac Developer";
				COMBINE_HIDPI_IMAGES = YES;
				DEBUG_INFORMATION_FORMAT = "dwarf-with-dsym";
				FRAMEWORK_SEARCH_PATHS = (
					"$(inherited)",
					"\"$(SYSTEM_APPS_DIR)/Xcode.app/Contents/Developer/Library/Frameworks\"",
				);
				GCC_ENABLE_OBJC_EXCEPTIONS = YES;
				GCC_PRECOMPILE_PREFIX_HEADER = YES;
				GCC_PREFIX_HEADER = "iRT/iRT-Prefix.pch";
				GCC_WARN_64_TO_32_BIT_CONVERSION = YES;
				INFOPLIST_FILE = "iRT/iRT-Info.plist";
				MACOSX_DEPLOYMENT_TARGET = 10.8;
				PRODUCT_NAME = "$(TARGET_NAME)";
				SDKROOT = macosx;
				WRAPPER_EXTENSION = app;
			};
			name = Release;
		};
		A7F4DBAF162B632400B98088 /* Debug */ = {
			isa = XCBuildConfiguration;
			buildSettings = {
				ALWAYS_SEARCH_USER_PATHS = NO;
				CLANG_CXX_LANGUAGE_STANDARD = "gnu++0x";
				CLANG_CXX_LIBRARY = "libc++";
				CLANG_ENABLE_OBJC_ARC = YES;
				CLANG_WARN_EMPTY_BODY = YES;
				CLANG_WARN__DUPLICATE_METHOD_MATCH = YES;
				"CODE_SIGN_IDENTITY[sdk=iphoneos*]" = "iPhone Developer";
				COPY_PHASE_STRIP = NO;
				GCC_C_LANGUAGE_STANDARD = gnu99;
				GCC_DYNAMIC_NO_PIC = NO;
				GCC_OPTIMIZATION_LEVEL = 0;
				GCC_PREPROCESSOR_DEFINITIONS = (
					"DEBUG=1",
					"$(inherited)",
				);
				GCC_SYMBOLS_PRIVATE_EXTERN = NO;
				GCC_WARN_ABOUT_RETURN_TYPE = YES;
				GCC_WARN_UNINITIALIZED_AUTOS = YES;
				GCC_WARN_UNUSED_VARIABLE = YES;
				IPHONEOS_DEPLOYMENT_TARGET = 7.0;
				ONLY_ACTIVE_ARCH = YES;
				SDKROOT = iphoneos;
			};
			name = Debug;
		};
		A7F4DBB0162B632400B98088 /* Release */ = {
			isa = XCBuildConfiguration;
			buildSettings = {
				ALWAYS_SEARCH_USER_PATHS = NO;
				CLANG_CXX_LANGUAGE_STANDARD = "gnu++0x";
				CLANG_CXX_LIBRARY = "libc++";
				CLANG_ENABLE_OBJC_ARC = YES;
				CLANG_WARN_EMPTY_BODY = YES;
				CLANG_WARN__DUPLICATE_METHOD_MATCH = YES;
				"CODE_SIGN_IDENTITY[sdk=iphoneos*]" = "iPhone Developer";
				COPY_PHASE_STRIP = YES;
				GCC_C_LANGUAGE_STANDARD = gnu99;
				GCC_WARN_ABOUT_RETURN_TYPE = YES;
				GCC_WARN_UNINITIALIZED_AUTOS = YES;
				GCC_WARN_UNUSED_VARIABLE = YES;
				IPHONEOS_DEPLOYMENT_TARGET = 7.0;
				OTHER_CFLAGS = "-DNS_BLOCK_ASSERTIONS=1";
				SDKROOT = iphoneos;
				VALIDATE_PRODUCT = YES;
			};
			name = Release;
		};
		A7F4DBB2162B632400B98088 /* Debug */ = {
			isa = XCBuildConfiguration;
			buildSettings = {
				ARCHS = "$(ARCHS_STANDARD_INCLUDING_64_BIT)";
				ASSETCATALOG_COMPILER_APPICON_NAME = AppIcon;
				ASSETCATALOG_COMPILER_LAUNCHIMAGE_NAME = LaunchImage;
				CLANG_ENABLE_MODULES = YES;
				CODE_SIGN_IDENTITY = "iPhone Developer";
				"CODE_SIGN_IDENTITY[sdk=iphoneos*]" = "iPhone Developer";
				GCC_PRECOMPILE_PREFIX_HEADER = YES;
				GCC_PREFIX_HEADER = "iosReviewTime/iOS Review Time-Prefix.pch";
				INFOPLIST_FILE = "iosReviewTime/iOS Review Time-Info.plist";
				IPHONEOS_DEPLOYMENT_TARGET = 7.0;
				PRODUCT_NAME = "$(TARGET_NAME)";
				PROVISIONING_PROFILE = "";
				TARGETED_DEVICE_FAMILY = "1,2";
				VALID_ARCHS = "arm64 armv7 armv7s";
				WRAPPER_EXTENSION = app;
			};
			name = Debug;
		};
		A7F4DBB3162B632400B98088 /* Release */ = {
			isa = XCBuildConfiguration;
			buildSettings = {
				ARCHS = "$(ARCHS_STANDARD_INCLUDING_64_BIT)";
				ASSETCATALOG_COMPILER_APPICON_NAME = AppIcon;
				ASSETCATALOG_COMPILER_LAUNCHIMAGE_NAME = LaunchImage;
				CLANG_ENABLE_MODULES = YES;
				CODE_SIGN_IDENTITY = "iPhone Developer";
				"CODE_SIGN_IDENTITY[sdk=iphoneos*]" = "iPhone Developer";
				GCC_PRECOMPILE_PREFIX_HEADER = YES;
				GCC_PREFIX_HEADER = "iosReviewTime/iOS Review Time-Prefix.pch";
				INFOPLIST_FILE = "iosReviewTime/iOS Review Time-Info.plist";
				IPHONEOS_DEPLOYMENT_TARGET = 7.0;
				PRODUCT_NAME = "$(TARGET_NAME)";
				PROVISIONING_PROFILE = "";
				TARGETED_DEVICE_FAMILY = "1,2";
				VALID_ARCHS = "arm64 armv7 armv7s";
				WRAPPER_EXTENSION = app;
			};
			name = Release;
		};
/* End XCBuildConfiguration section */

/* Begin XCConfigurationList section */
		A762613816348C68001149A4 /* Build configuration list for PBXNativeTarget "iRT" */ = {
			isa = XCConfigurationList;
			buildConfigurations = (
				A762613616348C68001149A4 /* Debug */,
				A762613716348C68001149A4 /* Release */,
			);
			defaultConfigurationIsVisible = 0;
			defaultConfigurationName = Release;
		};
		A7F4DB87162B632400B98088 /* Build configuration list for PBXProject "iOS Review Time" */ = {
			isa = XCConfigurationList;
			buildConfigurations = (
				A7F4DBAF162B632400B98088 /* Debug */,
				A7F4DBB0162B632400B98088 /* Release */,
			);
			defaultConfigurationIsVisible = 0;
			defaultConfigurationName = Release;
		};
		A7F4DBB1162B632400B98088 /* Build configuration list for PBXNativeTarget "iOSReviewTime" */ = {
			isa = XCConfigurationList;
			buildConfigurations = (
				A7F4DBB2162B632400B98088 /* Debug */,
				A7F4DBB3162B632400B98088 /* Release */,
			);
			defaultConfigurationIsVisible = 0;
			defaultConfigurationName = Release;
		};
/* End XCConfigurationList section */
	};
	rootObject = A7F4DB84162B632400B98088 /* Project object */;
}
